
Microsoft Visual Studio Solution File, Format Version 12.00
# Visual Studio Version 17
VisualStudioVersion = 17.3.32901.215
MinimumVisualStudioVersion = 10.0.40219.1
Project("{FAE04EC0-301F-11D3-BF4B-00C04F79EFBC}") = "MIDI", "MIDI\MIDI.csproj", "{4F049F33-9525-48EF-8098-92D6B7182435}"
EndProject
Project("{FAE04EC0-301F-11D3-BF4B-00C04F79EFBC}") = "PhilipsHue", "PhilipsHue\PhilipsHue.csproj", "{26B8DE4E-4D40-4999-B8D4-0F8420009240}"
EndProject
Project("{FAE04EC0-301F-11D3-BF4B-00C04F79EFBC}") = "Control", "Control\Control.csproj", "{98B0DD8B-4E0B-4E7C-BFA6-6F89E13B1559}"
EndProject
Project("{FAE04EC0-301F-11D3-BF4B-00C04F79EFBC}") = "UI", "UI\UI.csproj", "{E11C426C-9582-4C71-8C15-BBA39AFAA528}"
EndProject
Project("{FAE04EC0-301F-11D3-BF4B-00C04F79EFBC}") = "DataStorage", "DataStorage\DataStorage.csproj", "{E96518AB-76C5-4355-80C9-93363CA4F57C}"
EndProject
Global
	GlobalSection(SolutionConfigurationPlatforms) = preSolution
		Debug|Any CPU = Debug|Any CPU
		Release|Any CPU = Release|Any CPU
	EndGlobalSection
	GlobalSection(ProjectConfigurationPlatforms) = postSolution
		{4F049F33-9525-48EF-8098-92D6B7182435}.Debug|Any CPU.ActiveCfg = Debug|Any CPU
		{4F049F33-9525-48EF-8098-92D6B7182435}.Debug|Any CPU.Build.0 = Debug|Any CPU
		{4F049F33-9525-48EF-8098-92D6B7182435}.Release|Any CPU.ActiveCfg = Release|Any CPU
		{4F049F33-9525-48EF-8098-92D6B7182435}.Release|Any CPU.Build.0 = Release|Any CPU
		{26B8DE4E-4D40-4999-B8D4-0F8420009240}.Debug|Any CPU.ActiveCfg = Debug|Any CPU
		{26B8DE4E-4D40-4999-B8D4-0F8420009240}.Debug|Any CPU.Build.0 = Debug|Any CPU
		{26B8DE4E-4D40-4999-B8D4-0F8420009240}.Release|Any CPU.ActiveCfg = Release|Any CPU
		{26B8DE4E-4D40-4999-B8D4-0F8420009240}.Release|Any CPU.Build.0 = Release|Any CPU
		{98B0DD8B-4E0B-4E7C-BFA6-6F89E13B1559}.Debug|Any CPU.ActiveCfg = Debug|Any CPU
		{98B0DD8B-4E0B-4E7C-BFA6-6F89E13B1559}.Debug|Any CPU.Build.0 = Debug|Any CPU
		{98B0DD8B-4E0B-4E7C-BFA6-6F89E13B1559}.Release|Any CPU.ActiveCfg = Release|Any CPU
		{98B0DD8B-4E0B-4E7C-BFA6-6F89E13B1559}.Release|Any CPU.Build.0 = Release|Any CPU
		{E11C426C-9582-4C71-8C15-BBA39AFAA528}.Debug|Any CPU.ActiveCfg = Debug|Any CPU
		{E11C426C-9582-4C71-8C15-BBA39AFAA528}.Debug|Any CPU.Build.0 = Debug|Any CPU
		{E11C426C-9582-4C71-8C15-BBA39AFAA528}.Release|Any CPU.ActiveCfg = Release|Any CPU
		{E11C426C-9582-4C71-8C15-BBA39AFAA528}.Release|Any CPU.Build.0 = Release|Any CPU
		{E96518AB-76C5-4355-80C9-93363CA4F57C}.Debug|Any CPU.ActiveCfg = Debug|Any CPU
		{E96518AB-76C5-4355-80C9-93363CA4F57C}.Debug|Any CPU.Build.0 = Debug|Any CPU
		{E96518AB-76C5-4355-80C9-93363CA4F57C}.Release|Any CPU.ActiveCfg = Release|Any CPU
		{E96518AB-76C5-4355-80C9-93363CA4F57C}.Release|Any CPU.Build.0 = Release|Any CPU
	EndGlobalSection
	GlobalSection(SolutionProperties) = preSolution
		HideSolutionNode = FALSE
	EndGlobalSection
	GlobalSection(ExtensibilityGlobals) = postSolution
		SolutionGuid = {AF364D29-D3D7-421D-9636-B9088A159218}
	EndGlobalSection
EndGlobal
