
Microsoft Visual Studio Solution File, Format Version 12.00
# Visual Studio Version 17
VisualStudioVersion = 17.3.32901.215
MinimumVisualStudioVersion = 10.0.40219.1
Project("{FAE04EC0-301F-11D3-BF4B-00C04F79EFBC}") = "PhilipsHueAPI", "Lights\PhilipsHueAPI.csproj", "{E5214C1C-64C3-45DB-8C1B-16561250C773}"
EndProject
Global
	GlobalSection(SolutionConfigurationPlatforms) = preSolution
		Debug|Any CPU = Debug|Any CPU
		Release|Any CPU = Release|Any CPU
	EndGlobalSection
	GlobalSection(ProjectConfigurationPlatforms) = postSolution
		{E5214C1C-64C3-45DB-8C1B-16561250C773}.Debug|Any CPU.ActiveCfg = Debug|Any CPU
		{E5214C1C-64C3-45DB-8C1B-16561250C773}.Debug|Any CPU.Build.0 = Debug|Any CPU
		{E5214C1C-64C3-45DB-8C1B-16561250C773}.Release|Any CPU.ActiveCfg = Release|Any CPU
		{E5214C1C-64C3-45DB-8C1B-16561250C773}.Release|Any CPU.Build.0 = Release|Any CPU
	EndGlobalSection
	GlobalSection(SolutionProperties) = preSolution
		HideSolutionNode = FALSE
	EndGlobalSection
	GlobalSection(ExtensibilityGlobals) = postSolution
		SolutionGuid = {AF364D29-D3D7-421D-9636-B9088A159218}
	EndGlobalSection
EndGlobal
